
Microsoft Visual Studio Solution File, Format Version 12.00
# Visual Studio Version 17
VisualStudioVersion = 17.5.33530.505
MinimumVisualStudioVersion = 10.0.40219.1
Project("{FAE04EC0-301F-11D3-BF4B-00C04F79EFBC}") = "Singleton", "Singleton\Singleton.csproj", "{0B9F9147-E923-4131-B243-D1ADD26CB6F5}"
EndProject
Project("{FAE04EC0-301F-11D3-BF4B-00C04F79EFBC}") = "SingletonThreadSafe", "Singleton_ThreadSafe\SingletonThreadSafe.csproj", "{E17A4DCC-D7B5-4BA6-8FF2-AC8E85F5B59C}"
EndProject
Project("{FAE04EC0-301F-11D3-BF4B-00C04F79EFBC}") = "FactoryMethod", "FactoryMethod\FactoryMethod.csproj", "{10B928AA-977E-4878-890F-64F01412B67D}"
EndProject
Project("{FAE04EC0-301F-11D3-BF4B-00C04F79EFBC}") = "AbstractFactory", "AbstractFactory\AbstractFactory.csproj", "{2EABC5D8-E7C3-4D7B-9AEE-A488AE4D88ED}"
EndProject
Project("{FAE04EC0-301F-11D3-BF4B-00C04F79EFBC}") = "Prototype", "Prototype\Prototype.csproj", "{007DE201-3AEF-41A6-964B-7E324303A84D}"
EndProject
Project("{FAE04EC0-301F-11D3-BF4B-00C04F79EFBC}") = "Builder", "Builder\Builder.csproj", "{41CB0B56-9525-4A7E-9564-120A2337E1F0}"
EndProject
Project("{FAE04EC0-301F-11D3-BF4B-00C04F79EFBC}") = "Facade", "Facade\Facade.csproj", "{265AB0E2-6CB4-45FC-8331-A2096B32854B}"
EndProject
Project("{FAE04EC0-301F-11D3-BF4B-00C04F79EFBC}") = "Adapter", "Adapter\Adapter.csproj", "{BB4321E5-65E7-4D35-9F9E-5F02F51FE53B}"
EndProject
Project("{2150E333-8FDC-42A3-9474-1A3956D46DE8}") = "Creational", "Creational", "{ECC3F520-880F-48CF-9576-30DD7B85A893}"
EndProject
Project("{2150E333-8FDC-42A3-9474-1A3956D46DE8}") = "Structural", "Structural", "{7C73D6DC-1E39-4743-A0A7-4022D1B53C0B}"
EndProject
Project("{FAE04EC0-301F-11D3-BF4B-00C04F79EFBC}") = "Composite", "Composite\Composite.csproj", "{09B040E8-AA42-46A1-A6EC-FFF077107C94}"
EndProject
Project("{FAE04EC0-301F-11D3-BF4B-00C04F79EFBC}") = "Proxy", "Proxy\Proxy.csproj", "{38A15E87-B16F-46E4-ABE2-B0BA2A9A2B6A}"
EndProject
Project("{FAE04EC0-301F-11D3-BF4B-00C04F79EFBC}") = "Decorator", "Decorator\Decorator.csproj", "{87129D1C-11DB-4509-B8BD-1F6DF52D8246}"
EndProject
Project("{FAE04EC0-301F-11D3-BF4B-00C04F79EFBC}") = "Bridge", "Bridge\Bridge.csproj", "{FC454BD9-7B72-47E2-8E13-3CE21C8D3733}"
EndProject
Project("{2150E333-8FDC-42A3-9474-1A3956D46DE8}") = "Behavioral", "Behavioral", "{EADA3281-D49B-4F91-8C24-E56900598B9B}"
EndProject
Project("{FAE04EC0-301F-11D3-BF4B-00C04F79EFBC}") = "Strategy", "Strategy\Strategy.csproj", "{530761FE-67A1-4F31-B4DC-B0325FC5BDED}"
EndProject
Project("{FAE04EC0-301F-11D3-BF4B-00C04F79EFBC}") = "Observer", "Observer\Observer.csproj", "{827B35CA-6CA5-4DEE-A9C2-F9FE61DD3DF6}"
EndProject
Project("{FAE04EC0-301F-11D3-BF4B-00C04F79EFBC}") = "ChainOfResponsibility", "ChainOfResponsibility\ChainOfResponsibility.csproj", "{4657A1D7-EEFB-4AF4-AD37-742435C9A19A}"
EndProject
Project("{FAE04EC0-301F-11D3-BF4B-00C04F79EFBC}") = "Memento", "Memento\Memento.csproj", "{984DA812-2044-4FBA-B198-B887002B230A}"
EndProject
Project("{FAE04EC0-301F-11D3-BF4B-00C04F79EFBC}") = "TemplateMethod", "TemplateMethod\TemplateMethod.csproj", "{15D99BCC-37F2-4639-A247-F12BEA5B36E4}"
EndProject
Project("{FAE04EC0-301F-11D3-BF4B-00C04F79EFBC}") = "State", "State\State.csproj", "{BD391D58-C570-4123-8FC0-2E66EB9DD2AE}"
EndProject
Project("{FAE04EC0-301F-11D3-BF4B-00C04F79EFBC}") = "Mediator", "Mediator\Mediator.csproj", "{F6D03858-3F44-4620-8F11-0D7783AF96D3}"
EndProject
Project("{FAE04EC0-301F-11D3-BF4B-00C04F79EFBC}") = "Command", "Command\Command.csproj", "{6206FBD2-EA90-4BE3-AE72-C2C95F2E1046}"
EndProject
Project("{FAE04EC0-301F-11D3-BF4B-00C04F79EFBC}") = "Visitor", "Visitor\Visitor.csproj", "{8EEB0EC1-C1E9-4DE2-A1F2-B0AC5976DF39}"
EndProject
Project("{FAE04EC0-301F-11D3-BF4B-00C04F79EFBC}") = "DependencyInjection", "DependencyInjection\DependencyInjection.csproj", "{8C1E6305-9FD6-403A-8F37-BD4A562C34B3}"
EndProject
Project("{FAE04EC0-301F-11D3-BF4B-00C04F79EFBC}") = "DependencyInjectionWithIoC", "DependencyInjectionWithIoC\DependencyInjectionWithIoC.csproj", "{D5799D4B-C728-4713-861B-5A316138336C}"
EndProject
Global
	GlobalSection(SolutionConfigurationPlatforms) = preSolution
		Debug|Any CPU = Debug|Any CPU
		Release|Any CPU = Release|Any CPU
	EndGlobalSection
	GlobalSection(ProjectConfigurationPlatforms) = postSolution
		{0B9F9147-E923-4131-B243-D1ADD26CB6F5}.Debug|Any CPU.ActiveCfg = Debug|Any CPU
		{0B9F9147-E923-4131-B243-D1ADD26CB6F5}.Debug|Any CPU.Build.0 = Debug|Any CPU
		{0B9F9147-E923-4131-B243-D1ADD26CB6F5}.Release|Any CPU.ActiveCfg = Release|Any CPU
		{0B9F9147-E923-4131-B243-D1ADD26CB6F5}.Release|Any CPU.Build.0 = Release|Any CPU
		{E17A4DCC-D7B5-4BA6-8FF2-AC8E85F5B59C}.Debug|Any CPU.ActiveCfg = Debug|Any CPU
		{E17A4DCC-D7B5-4BA6-8FF2-AC8E85F5B59C}.Debug|Any CPU.Build.0 = Debug|Any CPU
		{E17A4DCC-D7B5-4BA6-8FF2-AC8E85F5B59C}.Release|Any CPU.ActiveCfg = Release|Any CPU
		{E17A4DCC-D7B5-4BA6-8FF2-AC8E85F5B59C}.Release|Any CPU.Build.0 = Release|Any CPU
		{10B928AA-977E-4878-890F-64F01412B67D}.Debug|Any CPU.ActiveCfg = Debug|Any CPU
		{10B928AA-977E-4878-890F-64F01412B67D}.Debug|Any CPU.Build.0 = Debug|Any CPU
		{10B928AA-977E-4878-890F-64F01412B67D}.Release|Any CPU.ActiveCfg = Release|Any CPU
		{10B928AA-977E-4878-890F-64F01412B67D}.Release|Any CPU.Build.0 = Release|Any CPU
		{2EABC5D8-E7C3-4D7B-9AEE-A488AE4D88ED}.Debug|Any CPU.ActiveCfg = Debug|Any CPU
		{2EABC5D8-E7C3-4D7B-9AEE-A488AE4D88ED}.Debug|Any CPU.Build.0 = Debug|Any CPU
		{2EABC5D8-E7C3-4D7B-9AEE-A488AE4D88ED}.Release|Any CPU.ActiveCfg = Release|Any CPU
		{2EABC5D8-E7C3-4D7B-9AEE-A488AE4D88ED}.Release|Any CPU.Build.0 = Release|Any CPU
		{007DE201-3AEF-41A6-964B-7E324303A84D}.Debug|Any CPU.ActiveCfg = Debug|Any CPU
		{007DE201-3AEF-41A6-964B-7E324303A84D}.Debug|Any CPU.Build.0 = Debug|Any CPU
		{007DE201-3AEF-41A6-964B-7E324303A84D}.Release|Any CPU.ActiveCfg = Release|Any CPU
		{007DE201-3AEF-41A6-964B-7E324303A84D}.Release|Any CPU.Build.0 = Release|Any CPU
		{41CB0B56-9525-4A7E-9564-120A2337E1F0}.Debug|Any CPU.ActiveCfg = Debug|Any CPU
		{41CB0B56-9525-4A7E-9564-120A2337E1F0}.Debug|Any CPU.Build.0 = Debug|Any CPU
		{41CB0B56-9525-4A7E-9564-120A2337E1F0}.Release|Any CPU.ActiveCfg = Release|Any CPU
		{41CB0B56-9525-4A7E-9564-120A2337E1F0}.Release|Any CPU.Build.0 = Release|Any CPU
		{265AB0E2-6CB4-45FC-8331-A2096B32854B}.Debug|Any CPU.ActiveCfg = Debug|Any CPU
		{265AB0E2-6CB4-45FC-8331-A2096B32854B}.Debug|Any CPU.Build.0 = Debug|Any CPU
		{265AB0E2-6CB4-45FC-8331-A2096B32854B}.Release|Any CPU.ActiveCfg = Release|Any CPU
		{265AB0E2-6CB4-45FC-8331-A2096B32854B}.Release|Any CPU.Build.0 = Release|Any CPU
		{BB4321E5-65E7-4D35-9F9E-5F02F51FE53B}.Debug|Any CPU.ActiveCfg = Debug|Any CPU
		{BB4321E5-65E7-4D35-9F9E-5F02F51FE53B}.Debug|Any CPU.Build.0 = Debug|Any CPU
		{BB4321E5-65E7-4D35-9F9E-5F02F51FE53B}.Release|Any CPU.ActiveCfg = Release|Any CPU
		{BB4321E5-65E7-4D35-9F9E-5F02F51FE53B}.Release|Any CPU.Build.0 = Release|Any CPU
		{09B040E8-AA42-46A1-A6EC-FFF077107C94}.Debug|Any CPU.ActiveCfg = Debug|Any CPU
		{09B040E8-AA42-46A1-A6EC-FFF077107C94}.Debug|Any CPU.Build.0 = Debug|Any CPU
		{09B040E8-AA42-46A1-A6EC-FFF077107C94}.Release|Any CPU.ActiveCfg = Release|Any CPU
		{09B040E8-AA42-46A1-A6EC-FFF077107C94}.Release|Any CPU.Build.0 = Release|Any CPU
		{38A15E87-B16F-46E4-ABE2-B0BA2A9A2B6A}.Debug|Any CPU.ActiveCfg = Debug|Any CPU
		{38A15E87-B16F-46E4-ABE2-B0BA2A9A2B6A}.Debug|Any CPU.Build.0 = Debug|Any CPU
		{38A15E87-B16F-46E4-ABE2-B0BA2A9A2B6A}.Release|Any CPU.ActiveCfg = Release|Any CPU
		{38A15E87-B16F-46E4-ABE2-B0BA2A9A2B6A}.Release|Any CPU.Build.0 = Release|Any CPU
		{87129D1C-11DB-4509-B8BD-1F6DF52D8246}.Debug|Any CPU.ActiveCfg = Debug|Any CPU
		{87129D1C-11DB-4509-B8BD-1F6DF52D8246}.Debug|Any CPU.Build.0 = Debug|Any CPU
		{87129D1C-11DB-4509-B8BD-1F6DF52D8246}.Release|Any CPU.ActiveCfg = Release|Any CPU
		{87129D1C-11DB-4509-B8BD-1F6DF52D8246}.Release|Any CPU.Build.0 = Release|Any CPU
		{FC454BD9-7B72-47E2-8E13-3CE21C8D3733}.Debug|Any CPU.ActiveCfg = Debug|Any CPU
		{FC454BD9-7B72-47E2-8E13-3CE21C8D3733}.Debug|Any CPU.Build.0 = Debug|Any CPU
		{FC454BD9-7B72-47E2-8E13-3CE21C8D3733}.Release|Any CPU.ActiveCfg = Release|Any CPU
		{FC454BD9-7B72-47E2-8E13-3CE21C8D3733}.Release|Any CPU.Build.0 = Release|Any CPU
		{530761FE-67A1-4F31-B4DC-B0325FC5BDED}.Debug|Any CPU.ActiveCfg = Debug|Any CPU
		{530761FE-67A1-4F31-B4DC-B0325FC5BDED}.Debug|Any CPU.Build.0 = Debug|Any CPU
		{530761FE-67A1-4F31-B4DC-B0325FC5BDED}.Release|Any CPU.ActiveCfg = Release|Any CPU
		{530761FE-67A1-4F31-B4DC-B0325FC5BDED}.Release|Any CPU.Build.0 = Release|Any CPU
		{827B35CA-6CA5-4DEE-A9C2-F9FE61DD3DF6}.Debug|Any CPU.ActiveCfg = Debug|Any CPU
		{827B35CA-6CA5-4DEE-A9C2-F9FE61DD3DF6}.Debug|Any CPU.Build.0 = Debug|Any CPU
		{827B35CA-6CA5-4DEE-A9C2-F9FE61DD3DF6}.Release|Any CPU.ActiveCfg = Release|Any CPU
		{827B35CA-6CA5-4DEE-A9C2-F9FE61DD3DF6}.Release|Any CPU.Build.0 = Release|Any CPU
		{4657A1D7-EEFB-4AF4-AD37-742435C9A19A}.Debug|Any CPU.ActiveCfg = Debug|Any CPU
		{4657A1D7-EEFB-4AF4-AD37-742435C9A19A}.Debug|Any CPU.Build.0 = Debug|Any CPU
		{4657A1D7-EEFB-4AF4-AD37-742435C9A19A}.Release|Any CPU.ActiveCfg = Release|Any CPU
		{4657A1D7-EEFB-4AF4-AD37-742435C9A19A}.Release|Any CPU.Build.0 = Release|Any CPU
		{984DA812-2044-4FBA-B198-B887002B230A}.Debug|Any CPU.ActiveCfg = Debug|Any CPU
		{984DA812-2044-4FBA-B198-B887002B230A}.Debug|Any CPU.Build.0 = Debug|Any CPU
		{984DA812-2044-4FBA-B198-B887002B230A}.Release|Any CPU.ActiveCfg = Release|Any CPU
		{984DA812-2044-4FBA-B198-B887002B230A}.Release|Any CPU.Build.0 = Release|Any CPU
		{15D99BCC-37F2-4639-A247-F12BEA5B36E4}.Debug|Any CPU.ActiveCfg = Debug|Any CPU
		{15D99BCC-37F2-4639-A247-F12BEA5B36E4}.Debug|Any CPU.Build.0 = Debug|Any CPU
		{15D99BCC-37F2-4639-A247-F12BEA5B36E4}.Release|Any CPU.ActiveCfg = Release|Any CPU
		{15D99BCC-37F2-4639-A247-F12BEA5B36E4}.Release|Any CPU.Build.0 = Release|Any CPU
		{BD391D58-C570-4123-8FC0-2E66EB9DD2AE}.Debug|Any CPU.ActiveCfg = Debug|Any CPU
		{BD391D58-C570-4123-8FC0-2E66EB9DD2AE}.Debug|Any CPU.Build.0 = Debug|Any CPU
		{BD391D58-C570-4123-8FC0-2E66EB9DD2AE}.Release|Any CPU.ActiveCfg = Release|Any CPU
		{BD391D58-C570-4123-8FC0-2E66EB9DD2AE}.Release|Any CPU.Build.0 = Release|Any CPU
		{F6D03858-3F44-4620-8F11-0D7783AF96D3}.Debug|Any CPU.ActiveCfg = Debug|Any CPU
		{F6D03858-3F44-4620-8F11-0D7783AF96D3}.Debug|Any CPU.Build.0 = Debug|Any CPU
		{F6D03858-3F44-4620-8F11-0D7783AF96D3}.Release|Any CPU.ActiveCfg = Release|Any CPU
		{F6D03858-3F44-4620-8F11-0D7783AF96D3}.Release|Any CPU.Build.0 = Release|Any CPU
		{6206FBD2-EA90-4BE3-AE72-C2C95F2E1046}.Debug|Any CPU.ActiveCfg = Debug|Any CPU
		{6206FBD2-EA90-4BE3-AE72-C2C95F2E1046}.Debug|Any CPU.Build.0 = Debug|Any CPU
		{6206FBD2-EA90-4BE3-AE72-C2C95F2E1046}.Release|Any CPU.ActiveCfg = Release|Any CPU
		{6206FBD2-EA90-4BE3-AE72-C2C95F2E1046}.Release|Any CPU.Build.0 = Release|Any CPU
		{8EEB0EC1-C1E9-4DE2-A1F2-B0AC5976DF39}.Debug|Any CPU.ActiveCfg = Debug|Any CPU
		{8EEB0EC1-C1E9-4DE2-A1F2-B0AC5976DF39}.Debug|Any CPU.Build.0 = Debug|Any CPU
		{8EEB0EC1-C1E9-4DE2-A1F2-B0AC5976DF39}.Release|Any CPU.ActiveCfg = Release|Any CPU
		{8EEB0EC1-C1E9-4DE2-A1F2-B0AC5976DF39}.Release|Any CPU.Build.0 = Release|Any CPU
		{8C1E6305-9FD6-403A-8F37-BD4A562C34B3}.Debug|Any CPU.ActiveCfg = Debug|Any CPU
		{8C1E6305-9FD6-403A-8F37-BD4A562C34B3}.Debug|Any CPU.Build.0 = Debug|Any CPU
		{8C1E6305-9FD6-403A-8F37-BD4A562C34B3}.Release|Any CPU.ActiveCfg = Release|Any CPU
		{8C1E6305-9FD6-403A-8F37-BD4A562C34B3}.Release|Any CPU.Build.0 = Release|Any CPU
		{D5799D4B-C728-4713-861B-5A316138336C}.Debug|Any CPU.ActiveCfg = Debug|Any CPU
		{D5799D4B-C728-4713-861B-5A316138336C}.Debug|Any CPU.Build.0 = Debug|Any CPU
		{D5799D4B-C728-4713-861B-5A316138336C}.Release|Any CPU.ActiveCfg = Release|Any CPU
		{D5799D4B-C728-4713-861B-5A316138336C}.Release|Any CPU.Build.0 = Release|Any CPU
	EndGlobalSection
	GlobalSection(SolutionProperties) = preSolution
		HideSolutionNode = FALSE
	EndGlobalSection
	GlobalSection(NestedProjects) = preSolution
		{0B9F9147-E923-4131-B243-D1ADD26CB6F5} = {ECC3F520-880F-48CF-9576-30DD7B85A893}
		{E17A4DCC-D7B5-4BA6-8FF2-AC8E85F5B59C} = {ECC3F520-880F-48CF-9576-30DD7B85A893}
		{10B928AA-977E-4878-890F-64F01412B67D} = {ECC3F520-880F-48CF-9576-30DD7B85A893}
		{2EABC5D8-E7C3-4D7B-9AEE-A488AE4D88ED} = {ECC3F520-880F-48CF-9576-30DD7B85A893}
		{007DE201-3AEF-41A6-964B-7E324303A84D} = {ECC3F520-880F-48CF-9576-30DD7B85A893}
		{41CB0B56-9525-4A7E-9564-120A2337E1F0} = {ECC3F520-880F-48CF-9576-30DD7B85A893}
		{265AB0E2-6CB4-45FC-8331-A2096B32854B} = {7C73D6DC-1E39-4743-A0A7-4022D1B53C0B}
		{BB4321E5-65E7-4D35-9F9E-5F02F51FE53B} = {7C73D6DC-1E39-4743-A0A7-4022D1B53C0B}
		{09B040E8-AA42-46A1-A6EC-FFF077107C94} = {7C73D6DC-1E39-4743-A0A7-4022D1B53C0B}
		{38A15E87-B16F-46E4-ABE2-B0BA2A9A2B6A} = {7C73D6DC-1E39-4743-A0A7-4022D1B53C0B}
		{87129D1C-11DB-4509-B8BD-1F6DF52D8246} = {7C73D6DC-1E39-4743-A0A7-4022D1B53C0B}
		{FC454BD9-7B72-47E2-8E13-3CE21C8D3733} = {7C73D6DC-1E39-4743-A0A7-4022D1B53C0B}
		{530761FE-67A1-4F31-B4DC-B0325FC5BDED} = {EADA3281-D49B-4F91-8C24-E56900598B9B}
		{827B35CA-6CA5-4DEE-A9C2-F9FE61DD3DF6} = {EADA3281-D49B-4F91-8C24-E56900598B9B}
		{4657A1D7-EEFB-4AF4-AD37-742435C9A19A} = {EADA3281-D49B-4F91-8C24-E56900598B9B}
		{984DA812-2044-4FBA-B198-B887002B230A} = {EADA3281-D49B-4F91-8C24-E56900598B9B}
		{15D99BCC-37F2-4639-A247-F12BEA5B36E4} = {EADA3281-D49B-4F91-8C24-E56900598B9B}
		{BD391D58-C570-4123-8FC0-2E66EB9DD2AE} = {EADA3281-D49B-4F91-8C24-E56900598B9B}
		{F6D03858-3F44-4620-8F11-0D7783AF96D3} = {EADA3281-D49B-4F91-8C24-E56900598B9B}
		{6206FBD2-EA90-4BE3-AE72-C2C95F2E1046} = {EADA3281-D49B-4F91-8C24-E56900598B9B}
		{8EEB0EC1-C1E9-4DE2-A1F2-B0AC5976DF39} = {EADA3281-D49B-4F91-8C24-E56900598B9B}
		{8C1E6305-9FD6-403A-8F37-BD4A562C34B3} = {EADA3281-D49B-4F91-8C24-E56900598B9B}
		{D5799D4B-C728-4713-861B-5A316138336C} = {EADA3281-D49B-4F91-8C24-E56900598B9B}
	EndGlobalSection
	GlobalSection(ExtensibilityGlobals) = postSolution
		SolutionGuid = {A1AAAAA7-1E34-47AA-93F8-B2A281B57E8D}
	EndGlobalSection
EndGlobal
